// !$*UTF8*$!
{
	archiveVersion = 1;
	classes = {
	};
	objectVersion = 55;
	objects = {

/* Begin PBXBuildFile section */
		F74211122BF6715F001B3E31 /* AppDelegate.swift in Sources */ = {isa = PBXBuildFile; fileRef = F74211112BF6715F001B3E31 /* AppDelegate.swift */; };
		F74211142BF6715F001B3E31 /* SceneDelegate.swift in Sources */ = {isa = PBXBuildFile; fileRef = F74211132BF6715F001B3E31 /* SceneDelegate.swift */; };
		F74211192BF6715F001B3E31 /* Main.storyboard in Resources */ = {isa = PBXBuildFile; fileRef = F74211172BF6715F001B3E31 /* Main.storyboard */; };
		F742111B2BF67165001B3E31 /* Assets.xcassets in Resources */ = {isa = PBXBuildFile; fileRef = F742111A2BF67165001B3E31 /* Assets.xcassets */; };
		F742111E2BF67165001B3E31 /* LaunchScreen.storyboard in Resources */ = {isa = PBXBuildFile; fileRef = F742111C2BF67165001B3E31 /* LaunchScreen.storyboard */; };
		F74211292BF67166001B3E31 /* ApiCallsUsingCodable_MVVM_ScrollViewDemoTests.swift in Sources */ = {isa = PBXBuildFile; fileRef = F74211282BF67166001B3E31 /* ApiCallsUsingCodable_MVVM_ScrollViewDemoTests.swift */; };
		F74211332BF67166001B3E31 /* ApiCallsUsingCodable_MVVM_ScrollViewDemoUITests.swift in Sources */ = {isa = PBXBuildFile; fileRef = F74211322BF67166001B3E31 /* ApiCallsUsingCodable_MVVM_ScrollViewDemoUITests.swift */; };
		F74211352BF67166001B3E31 /* ApiCallsUsingCodable_MVVM_ScrollViewDemoUITestsLaunchTests.swift in Sources */ = {isa = PBXBuildFile; fileRef = F74211342BF67166001B3E31 /* ApiCallsUsingCodable_MVVM_ScrollViewDemoUITestsLaunchTests.swift */; };
		F742114A2BF67357001B3E31 /* DetailsViewController.swift in Sources */ = {isa = PBXBuildFile; fileRef = F74211492BF67357001B3E31 /* DetailsViewController.swift */; };
		F742114C2BF6781E001B3E31 /* Constants.swift in Sources */ = {isa = PBXBuildFile; fileRef = F742114B2BF6781E001B3E31 /* Constants.swift */; };
		F742114E2BF67856001B3E31 /* NetworkManager.swift in Sources */ = {isa = PBXBuildFile; fileRef = F742114D2BF67856001B3E31 /* NetworkManager.swift */; };
		F74211502BF678C2001B3E31 /* WeatherDetailsModelObject.swift in Sources */ = {isa = PBXBuildFile; fileRef = F742114F2BF678C2001B3E31 /* WeatherDetailsModelObject.swift */; };
		F74211522BF6799F001B3E31 /* WeatherViewModel.swift in Sources */ = {isa = PBXBuildFile; fileRef = F74211512BF6799F001B3E31 /* WeatherViewModel.swift */; };
		F74211552BF683F0001B3E31 /* BaseViewController.swift in Sources */ = {isa = PBXBuildFile; fileRef = F74211542BF683F0001B3E31 /* BaseViewController.swift */; };
		F74211572BF68631001B3E31 /* UsersDataModelObject.swift in Sources */ = {isa = PBXBuildFile; fileRef = F74211562BF68631001B3E31 /* UsersDataModelObject.swift */; };
		F74211592BF688E9001B3E31 /* EmpDetailsModelObject.swift in Sources */ = {isa = PBXBuildFile; fileRef = F74211582BF688E9001B3E31 /* EmpDetailsModelObject.swift */; };
		F7D5612F2BF726070050099F /* ScrollWithLableTextVC.swift in Sources */ = {isa = PBXBuildFile; fileRef = F7D5612E2BF726070050099F /* ScrollWithLableTextVC.swift */; };
		F7D561312BF726330050099F /* ScrollWithFormFieldsVC.swift in Sources */ = {isa = PBXBuildFile; fileRef = F7D561302BF726330050099F /* ScrollWithFormFieldsVC.swift */; };
/* End PBXBuildFile section */

/* Begin PBXContainerItemProxy section */
		F74211252BF67166001B3E31 /* PBXContainerItemProxy */ = {
			isa = PBXContainerItemProxy;
			containerPortal = F74211062BF6715F001B3E31 /* Project object */;
			proxyType = 1;
			remoteGlobalIDString = F742110D2BF6715F001B3E31;
			remoteInfo = ApiCallsUsingCodable_MVVM_ScrollViewDemo;
		};
		F742112F2BF67166001B3E31 /* PBXContainerItemProxy */ = {
			isa = PBXContainerItemProxy;
			containerPortal = F74211062BF6715F001B3E31 /* Project object */;
			proxyType = 1;
			remoteGlobalIDString = F742110D2BF6715F001B3E31;
			remoteInfo = ApiCallsUsingCodable_MVVM_ScrollViewDemo;
		};
/* End PBXContainerItemProxy section */

/* Begin PBXFileReference section */
		F742110E2BF6715F001B3E31 /* ApiCallsUsingCodable_MVVM_ScrollViewDemo.app */ = {isa = PBXFileReference; explicitFileType = wrapper.application; includeInIndex = 0; path = ApiCallsUsingCodable_MVVM_ScrollViewDemo.app; sourceTree = BUILT_PRODUCTS_DIR; };
		F74211112BF6715F001B3E31 /* AppDelegate.swift */ = {isa = PBXFileReference; lastKnownFileType = sourcecode.swift; path = AppDelegate.swift; sourceTree = "<group>"; };
		F74211132BF6715F001B3E31 /* SceneDelegate.swift */ = {isa = PBXFileReference; lastKnownFileType = sourcecode.swift; path = SceneDelegate.swift; sourceTree = "<group>"; };
		F74211182BF6715F001B3E31 /* Base */ = {isa = PBXFileReference; lastKnownFileType = file.storyboard; name = Base; path = Base.lproj/Main.storyboard; sourceTree = "<group>"; };
		F742111A2BF67165001B3E31 /* Assets.xcassets */ = {isa = PBXFileReference; lastKnownFileType = folder.assetcatalog; path = Assets.xcassets; sourceTree = "<group>"; };
		F742111D2BF67165001B3E31 /* Base */ = {isa = PBXFileReference; lastKnownFileType = file.storyboard; name = Base; path = Base.lproj/LaunchScreen.storyboard; sourceTree = "<group>"; };
		F742111F2BF67165001B3E31 /* Info.plist */ = {isa = PBXFileReference; lastKnownFileType = text.plist.xml; path = Info.plist; sourceTree = "<group>"; };
		F74211242BF67166001B3E31 /* ApiCallsUsingCodable_MVVM_ScrollViewDemoTests.xctest */ = {isa = PBXFileReference; explicitFileType = wrapper.cfbundle; includeInIndex = 0; path = ApiCallsUsingCodable_MVVM_ScrollViewDemoTests.xctest; sourceTree = BUILT_PRODUCTS_DIR; };
		F74211282BF67166001B3E31 /* ApiCallsUsingCodable_MVVM_ScrollViewDemoTests.swift */ = {isa = PBXFileReference; lastKnownFileType = sourcecode.swift; path = ApiCallsUsingCodable_MVVM_ScrollViewDemoTests.swift; sourceTree = "<group>"; };
		F742112E2BF67166001B3E31 /* ApiCallsUsingCodable_MVVM_ScrollViewDemoUITests.xctest */ = {isa = PBXFileReference; explicitFileType = wrapper.cfbundle; includeInIndex = 0; path = ApiCallsUsingCodable_MVVM_ScrollViewDemoUITests.xctest; sourceTree = BUILT_PRODUCTS_DIR; };
		F74211322BF67166001B3E31 /* ApiCallsUsingCodable_MVVM_ScrollViewDemoUITests.swift */ = {isa = PBXFileReference; lastKnownFileType = sourcecode.swift; path = ApiCallsUsingCodable_MVVM_ScrollViewDemoUITests.swift; sourceTree = "<group>"; };
		F74211342BF67166001B3E31 /* ApiCallsUsingCodable_MVVM_ScrollViewDemoUITestsLaunchTests.swift */ = {isa = PBXFileReference; lastKnownFileType = sourcecode.swift; path = ApiCallsUsingCodable_MVVM_ScrollViewDemoUITestsLaunchTests.swift; sourceTree = "<group>"; };
		F74211492BF67357001B3E31 /* DetailsViewController.swift */ = {isa = PBXFileReference; lastKnownFileType = sourcecode.swift; path = DetailsViewController.swift; sourceTree = "<group>"; };
		F742114B2BF6781E001B3E31 /* Constants.swift */ = {isa = PBXFileReference; lastKnownFileType = sourcecode.swift; path = Constants.swift; sourceTree = "<group>"; };
		F742114D2BF67856001B3E31 /* NetworkManager.swift */ = {isa = PBXFileReference; lastKnownFileType = sourcecode.swift; path = NetworkManager.swift; sourceTree = "<group>"; };
		F742114F2BF678C2001B3E31 /* WeatherDetailsModelObject.swift */ = {isa = PBXFileReference; lastKnownFileType = sourcecode.swift; path = WeatherDetailsModelObject.swift; sourceTree = "<group>"; };
		F74211512BF6799F001B3E31 /* WeatherViewModel.swift */ = {isa = PBXFileReference; lastKnownFileType = sourcecode.swift; path = WeatherViewModel.swift; sourceTree = "<group>"; };
		F74211542BF683F0001B3E31 /* BaseViewController.swift */ = {isa = PBXFileReference; lastKnownFileType = sourcecode.swift; path = BaseViewController.swift; sourceTree = "<group>"; };
		F74211562BF68631001B3E31 /* UsersDataModelObject.swift */ = {isa = PBXFileReference; lastKnownFileType = sourcecode.swift; path = UsersDataModelObject.swift; sourceTree = "<group>"; };
		F74211582BF688E9001B3E31 /* EmpDetailsModelObject.swift */ = {isa = PBXFileReference; lastKnownFileType = sourcecode.swift; path = EmpDetailsModelObject.swift; sourceTree = "<group>"; };
		F7D5612E2BF726070050099F /* ScrollWithLableTextVC.swift */ = {isa = PBXFileReference; lastKnownFileType = sourcecode.swift; path = ScrollWithLableTextVC.swift; sourceTree = "<group>"; };
		F7D561302BF726330050099F /* ScrollWithFormFieldsVC.swift */ = {isa = PBXFileReference; lastKnownFileType = sourcecode.swift; path = ScrollWithFormFieldsVC.swift; sourceTree = "<group>"; };
/* End PBXFileReference section */

/* Begin PBXFrameworksBuildPhase section */
		F742110B2BF6715F001B3E31 /* Frameworks */ = {
			isa = PBXFrameworksBuildPhase;
			buildActionMask = 2147483647;
			files = (
			);
			runOnlyForDeploymentPostprocessing = 0;
		};
		F74211212BF67166001B3E31 /* Frameworks */ = {
			isa = PBXFrameworksBuildPhase;
			buildActionMask = 2147483647;
			files = (
			);
			runOnlyForDeploymentPostprocessing = 0;
		};
		F742112B2BF67166001B3E31 /* Frameworks */ = {
			isa = PBXFrameworksBuildPhase;
			buildActionMask = 2147483647;
			files = (
			);
			runOnlyForDeploymentPostprocessing = 0;
		};
/* End PBXFrameworksBuildPhase section */

/* Begin PBXGroup section */
		F74211052BF6715F001B3E31 = {
			isa = PBXGroup;
			children = (
				F74211102BF6715F001B3E31 /* ApiCallsUsingCodable_MVVM_ScrollViewDemo */,
				F74211272BF67166001B3E31 /* ApiCallsUsingCodable_MVVM_ScrollViewDemoTests */,
				F74211312BF67166001B3E31 /* ApiCallsUsingCodable_MVVM_ScrollViewDemoUITests */,
				F742110F2BF6715F001B3E31 /* Products */,
			);
			sourceTree = "<group>";
		};
		F742110F2BF6715F001B3E31 /* Products */ = {
			isa = PBXGroup;
			children = (
				F742110E2BF6715F001B3E31 /* ApiCallsUsingCodable_MVVM_ScrollViewDemo.app */,
				F74211242BF67166001B3E31 /* ApiCallsUsingCodable_MVVM_ScrollViewDemoTests.xctest */,
				F742112E2BF67166001B3E31 /* ApiCallsUsingCodable_MVVM_ScrollViewDemoUITests.xctest */,
			);
			name = Products;
			sourceTree = "<group>";
		};
		F74211102BF6715F001B3E31 /* ApiCallsUsingCodable_MVVM_ScrollViewDemo */ = {
			isa = PBXGroup;
			children = (
				F74211532BF683D8001B3E31 /* Base */,
				F74211412BF67185001B3E31 /* AppDelegate */,
				F74211422BF6723D001B3E31 /* NetworkManager */,
				F74211432BF67252001B3E31 /* Constants */,
				F74211482BF672D0001B3E31 /* Resources */,
				F74211472BF672A0001B3E31 /* Model */,
				F74211462BF67298001B3E31 /* View */,
				F74211452BF67285001B3E31 /* ViewModel */,
				F74211442BF67273001B3E31 /* Controller */,
				F742111F2BF67165001B3E31 /* Info.plist */,
			);
			path = ApiCallsUsingCodable_MVVM_ScrollViewDemo;
			sourceTree = "<group>";
		};
		F74211272BF67166001B3E31 /* ApiCallsUsingCodable_MVVM_ScrollViewDemoTests */ = {
			isa = PBXGroup;
			children = (
				F74211282BF67166001B3E31 /* ApiCallsUsingCodable_MVVM_ScrollViewDemoTests.swift */,
			);
			path = ApiCallsUsingCodable_MVVM_ScrollViewDemoTests;
			sourceTree = "<group>";
		};
		F74211312BF67166001B3E31 /* ApiCallsUsingCodable_MVVM_ScrollViewDemoUITests */ = {
			isa = PBXGroup;
			children = (
				F74211322BF67166001B3E31 /* ApiCallsUsingCodable_MVVM_ScrollViewDemoUITests.swift */,
				F74211342BF67166001B3E31 /* ApiCallsUsingCodable_MVVM_ScrollViewDemoUITestsLaunchTests.swift */,
			);
			path = ApiCallsUsingCodable_MVVM_ScrollViewDemoUITests;
			sourceTree = "<group>";
		};
		F74211412BF67185001B3E31 /* AppDelegate */ = {
			isa = PBXGroup;
			children = (
				F74211112BF6715F001B3E31 /* AppDelegate.swift */,
				F74211132BF6715F001B3E31 /* SceneDelegate.swift */,
			);
			path = AppDelegate;
			sourceTree = "<group>";
		};
		F74211422BF6723D001B3E31 /* NetworkManager */ = {
			isa = PBXGroup;
			children = (
				F742114D2BF67856001B3E31 /* NetworkManager.swift */,
			);
			path = NetworkManager;
			sourceTree = "<group>";
		};
		F74211432BF67252001B3E31 /* Constants */ = {
			isa = PBXGroup;
			children = (
				F742114B2BF6781E001B3E31 /* Constants.swift */,
			);
			path = Constants;
			sourceTree = "<group>";
		};
		F74211442BF67273001B3E31 /* Controller */ = {
			isa = PBXGroup;
			children = (
				F74211492BF67357001B3E31 /* DetailsViewController.swift */,
				F7D5612E2BF726070050099F /* ScrollWithLableTextVC.swift */,
				F7D561302BF726330050099F /* ScrollWithFormFieldsVC.swift */,
			);
			path = Controller;
			sourceTree = "<group>";
		};
		F74211452BF67285001B3E31 /* ViewModel */ = {
			isa = PBXGroup;
			children = (
				F74211512BF6799F001B3E31 /* WeatherViewModel.swift */,
			);
			path = ViewModel;
			sourceTree = "<group>";
		};
		F74211462BF67298001B3E31 /* View */ = {
			isa = PBXGroup;
			children = (
				F74211172BF6715F001B3E31 /* Main.storyboard */,
				F742111C2BF67165001B3E31 /* LaunchScreen.storyboard */,
			);
			path = View;
			sourceTree = "<group>";
		};
		F74211472BF672A0001B3E31 /* Model */ = {
			isa = PBXGroup;
			children = (
				F742114F2BF678C2001B3E31 /* WeatherDetailsModelObject.swift */,
				F74211562BF68631001B3E31 /* UsersDataModelObject.swift */,
				F74211582BF688E9001B3E31 /* EmpDetailsModelObject.swift */,
			);
			path = Model;
			sourceTree = "<group>";
		};
		F74211482BF672D0001B3E31 /* Resources */ = {
			isa = PBXGroup;
			children = (
				F742111A2BF67165001B3E31 /* Assets.xcassets */,
			);
			path = Resources;
			sourceTree = "<group>";
		};
		F74211532BF683D8001B3E31 /* Base */ = {
			isa = PBXGroup;
			children = (
				F74211542BF683F0001B3E31 /* BaseViewController.swift */,
			);
			path = Base;
			sourceTree = "<group>";
		};
/* End PBXGroup section */

/* Begin PBXNativeTarget section */
		F742110D2BF6715F001B3E31 /* ApiCallsUsingCodable_MVVM_ScrollViewDemo */ = {
			isa = PBXNativeTarget;
			buildConfigurationList = F74211382BF67166001B3E31 /* Build configuration list for PBXNativeTarget "ApiCallsUsingCodable_MVVM_ScrollViewDemo" */;
			buildPhases = (
				F742110A2BF6715F001B3E31 /* Sources */,
				F742110B2BF6715F001B3E31 /* Frameworks */,
				F742110C2BF6715F001B3E31 /* Resources */,
			);
			buildRules = (
			);
			dependencies = (
			);
			name = ApiCallsUsingCodable_MVVM_ScrollViewDemo;
			productName = ApiCallsUsingCodable_MVVM_ScrollViewDemo;
			productReference = F742110E2BF6715F001B3E31 /* ApiCallsUsingCodable_MVVM_ScrollViewDemo.app */;
			productType = "com.apple.product-type.application";
		};
		F74211232BF67166001B3E31 /* ApiCallsUsingCodable_MVVM_ScrollViewDemoTests */ = {
			isa = PBXNativeTarget;
			buildConfigurationList = F742113B2BF67166001B3E31 /* Build configuration list for PBXNativeTarget "ApiCallsUsingCodable_MVVM_ScrollViewDemoTests" */;
			buildPhases = (
				F74211202BF67166001B3E31 /* Sources */,
				F74211212BF67166001B3E31 /* Frameworks */,
				F74211222BF67166001B3E31 /* Resources */,
			);
			buildRules = (
			);
			dependencies = (
				F74211262BF67166001B3E31 /* PBXTargetDependency */,
			);
			name = ApiCallsUsingCodable_MVVM_ScrollViewDemoTests;
			productName = ApiCallsUsingCodable_MVVM_ScrollViewDemoTests;
			productReference = F74211242BF67166001B3E31 /* ApiCallsUsingCodable_MVVM_ScrollViewDemoTests.xctest */;
			productType = "com.apple.product-type.bundle.unit-test";
		};
		F742112D2BF67166001B3E31 /* ApiCallsUsingCodable_MVVM_ScrollViewDemoUITests */ = {
			isa = PBXNativeTarget;
			buildConfigurationList = F742113E2BF67166001B3E31 /* Build configuration list for PBXNativeTarget "ApiCallsUsingCodable_MVVM_ScrollViewDemoUITests" */;
			buildPhases = (
				F742112A2BF67166001B3E31 /* Sources */,
				F742112B2BF67166001B3E31 /* Frameworks */,
				F742112C2BF67166001B3E31 /* Resources */,
			);
			buildRules = (
			);
			dependencies = (
				F74211302BF67166001B3E31 /* PBXTargetDependency */,
			);
			name = ApiCallsUsingCodable_MVVM_ScrollViewDemoUITests;
			productName = ApiCallsUsingCodable_MVVM_ScrollViewDemoUITests;
			productReference = F742112E2BF67166001B3E31 /* ApiCallsUsingCodable_MVVM_ScrollViewDemoUITests.xctest */;
			productType = "com.apple.product-type.bundle.ui-testing";
		};
/* End PBXNativeTarget section */

/* Begin PBXProject section */
		F74211062BF6715F001B3E31 /* Project object */ = {
			isa = PBXProject;
			attributes = {
				BuildIndependentTargetsInParallel = 1;
				LastSwiftUpdateCheck = 1340;
				LastUpgradeCheck = 1340;
				TargetAttributes = {
					F742110D2BF6715F001B3E31 = {
						CreatedOnToolsVersion = 13.4.1;
					};
					F74211232BF67166001B3E31 = {
						CreatedOnToolsVersion = 13.4.1;
						TestTargetID = F742110D2BF6715F001B3E31;
					};
					F742112D2BF67166001B3E31 = {
						CreatedOnToolsVersion = 13.4.1;
						TestTargetID = F742110D2BF6715F001B3E31;
					};
				};
			};
			buildConfigurationList = F74211092BF6715F001B3E31 /* Build configuration list for PBXProject "ApiCallsUsingCodable_MVVM_ScrollViewDemo" */;
			compatibilityVersion = "Xcode 13.0";
			developmentRegion = en;
			hasScannedForEncodings = 0;
			knownRegions = (
				en,
				Base,
			);
			mainGroup = F74211052BF6715F001B3E31;
			productRefGroup = F742110F2BF6715F001B3E31 /* Products */;
			projectDirPath = "";
			projectRoot = "";
			targets = (
				F742110D2BF6715F001B3E31 /* ApiCallsUsingCodable_MVVM_ScrollViewDemo */,
				F74211232BF67166001B3E31 /* ApiCallsUsingCodable_MVVM_ScrollViewDemoTests */,
				F742112D2BF67166001B3E31 /* ApiCallsUsingCodable_MVVM_ScrollViewDemoUITests */,
			);
		};
/* End PBXProject section */

/* Begin PBXResourcesBuildPhase section */
		F742110C2BF6715F001B3E31 /* Resources */ = {
			isa = PBXResourcesBuildPhase;
			buildActionMask = 2147483647;
			files = (
				F742111E2BF67165001B3E31 /* LaunchScreen.storyboard in Resources */,
				F742111B2BF67165001B3E31 /* Assets.xcassets in Resources */,
				F74211192BF6715F001B3E31 /* Main.storyboard in Resources */,
			);
			runOnlyForDeploymentPostprocessing = 0;
		};
		F74211222BF67166001B3E31 /* Resources */ = {
			isa = PBXResourcesBuildPhase;
			buildActionMask = 2147483647;
			files = (
			);
			runOnlyForDeploymentPostprocessing = 0;
		};
		F742112C2BF67166001B3E31 /* Resources */ = {
			isa = PBXResourcesBuildPhase;
			buildActionMask = 2147483647;
			files = (
			);
			runOnlyForDeploymentPostprocessing = 0;
		};
/* End PBXResourcesBuildPhase section */

/* Begin PBXSourcesBuildPhase section */
		F742110A2BF6715F001B3E31 /* Sources */ = {
			isa = PBXSourcesBuildPhase;
			buildActionMask = 2147483647;
			files = (
				F74211502BF678C2001B3E31 /* WeatherDetailsModelObject.swift in Sources */,
				F74211122BF6715F001B3E31 /* AppDelegate.swift in Sources */,
				F74211142BF6715F001B3E31 /* SceneDelegate.swift in Sources */,
				F7D5612F2BF726070050099F /* ScrollWithLableTextVC.swift in Sources */,
				F74211522BF6799F001B3E31 /* WeatherViewModel.swift in Sources */,
				F742114E2BF67856001B3E31 /* NetworkManager.swift in Sources */,
				F7D561312BF726330050099F /* ScrollWithFormFieldsVC.swift in Sources */,
				F74211552BF683F0001B3E31 /* BaseViewController.swift in Sources */,
				F74211592BF688E9001B3E31 /* EmpDetailsModelObject.swift in Sources */,
				F742114A2BF67357001B3E31 /* DetailsViewController.swift in Sources */,
				F742114C2BF6781E001B3E31 /* Constants.swift in Sources */,
				F74211572BF68631001B3E31 /* UsersDataModelObject.swift in Sources */,
			);
			runOnlyForDeploymentPostprocessing = 0;
		};
		F74211202BF67166001B3E31 /* Sources */ = {
			isa = PBXSourcesBuildPhase;
			buildActionMask = 2147483647;
			files = (
				F74211292BF67166001B3E31 /* ApiCallsUsingCodable_MVVM_ScrollViewDemoTests.swift in Sources */,
			);
			runOnlyForDeploymentPostprocessing = 0;
		};
		F742112A2BF67166001B3E31 /* Sources */ = {
			isa = PBXSourcesBuildPhase;
			buildActionMask = 2147483647;
			files = (
				F74211352BF67166001B3E31 /* ApiCallsUsingCodable_MVVM_ScrollViewDemoUITestsLaunchTests.swift in Sources */,
				F74211332BF67166001B3E31 /* ApiCallsUsingCodable_MVVM_ScrollViewDemoUITests.swift in Sources */,
			);
			runOnlyForDeploymentPostprocessing = 0;
		};
/* End PBXSourcesBuildPhase section */

/* Begin PBXTargetDependency section */
		F74211262BF67166001B3E31 /* PBXTargetDependency */ = {
			isa = PBXTargetDependency;
			target = F742110D2BF6715F001B3E31 /* ApiCallsUsingCodable_MVVM_ScrollViewDemo */;
			targetProxy = F74211252BF67166001B3E31 /* PBXContainerItemProxy */;
		};
		F74211302BF67166001B3E31 /* PBXTargetDependency */ = {
			isa = PBXTargetDependency;
			target = F742110D2BF6715F001B3E31 /* ApiCallsUsingCodable_MVVM_ScrollViewDemo */;
			targetProxy = F742112F2BF67166001B3E31 /* PBXContainerItemProxy */;
		};
/* End PBXTargetDependency section */

/* Begin PBXVariantGroup section */
		F74211172BF6715F001B3E31 /* Main.storyboard */ = {
			isa = PBXVariantGroup;
			children = (
				F74211182BF6715F001B3E31 /* Base */,
			);
			name = Main.storyboard;
			sourceTree = "<group>";
		};
		F742111C2BF67165001B3E31 /* LaunchScreen.storyboard */ = {
			isa = PBXVariantGroup;
			children = (
				F742111D2BF67165001B3E31 /* Base */,
			);
			name = LaunchScreen.storyboard;
			sourceTree = "<group>";
		};
/* End PBXVariantGroup section */

/* Begin XCBuildConfiguration section */
		F74211362BF67166001B3E31 /* Debug */ = {
			isa = XCBuildConfiguration;
			buildSettings = {
				ALWAYS_SEARCH_USER_PATHS = NO;
				CLANG_ANALYZER_NONNULL = YES;
				CLANG_ANALYZER_NUMBER_OBJECT_CONVERSION = YES_AGGRESSIVE;
				CLANG_CXX_LANGUAGE_STANDARD = "gnu++17";
				CLANG_ENABLE_MODULES = YES;
				CLANG_ENABLE_OBJC_ARC = YES;
				CLANG_ENABLE_OBJC_WEAK = YES;
				CLANG_WARN_BLOCK_CAPTURE_AUTORELEASING = YES;
				CLANG_WARN_BOOL_CONVERSION = YES;
				CLANG_WARN_COMMA = YES;
				CLANG_WARN_CONSTANT_CONVERSION = YES;
				CLANG_WARN_DEPRECATED_OBJC_IMPLEMENTATIONS = YES;
				CLANG_WARN_DIRECT_OBJC_ISA_USAGE = YES_ERROR;
				CLANG_WARN_DOCUMENTATION_COMMENTS = YES;
				CLANG_WARN_EMPTY_BODY = YES;
				CLANG_WARN_ENUM_CONVERSION = YES;
				CLANG_WARN_INFINITE_RECURSION = YES;
				CLANG_WARN_INT_CONVERSION = YES;
				CLANG_WARN_NON_LITERAL_NULL_CONVERSION = YES;
				CLANG_WARN_OBJC_IMPLICIT_RETAIN_SELF = YES;
				CLANG_WARN_OBJC_LITERAL_CONVERSION = YES;
				CLANG_WARN_OBJC_ROOT_CLASS = YES_ERROR;
				CLANG_WARN_QUOTED_INCLUDE_IN_FRAMEWORK_HEADER = YES;
				CLANG_WARN_RANGE_LOOP_ANALYSIS = YES;
				CLANG_WARN_STRICT_PROTOTYPES = YES;
				CLANG_WARN_SUSPICIOUS_MOVE = YES;
				CLANG_WARN_UNGUARDED_AVAILABILITY = YES_AGGRESSIVE;
				CLANG_WARN_UNREACHABLE_CODE = YES;
				CLANG_WARN__DUPLICATE_METHOD_MATCH = YES;
				COPY_PHASE_STRIP = NO;
				DEBUG_INFORMATION_FORMAT = dwarf;
				ENABLE_STRICT_OBJC_MSGSEND = YES;
				ENABLE_TESTABILITY = YES;
				GCC_C_LANGUAGE_STANDARD = gnu11;
				GCC_DYNAMIC_NO_PIC = NO;
				GCC_NO_COMMON_BLOCKS = YES;
				GCC_OPTIMIZATION_LEVEL = 0;
				GCC_PREPROCESSOR_DEFINITIONS = (
					"DEBUG=1",
					"$(inherited)",
				);
				GCC_WARN_64_TO_32_BIT_CONVERSION = YES;
				GCC_WARN_ABOUT_RETURN_TYPE = YES_ERROR;
				GCC_WARN_UNDECLARED_SELECTOR = YES;
				GCC_WARN_UNINITIALIZED_AUTOS = YES_AGGRESSIVE;
				GCC_WARN_UNUSED_FUNCTION = YES;
				GCC_WARN_UNUSED_VARIABLE = YES;
				IPHONEOS_DEPLOYMENT_TARGET = 15.5;
				MTL_ENABLE_DEBUG_INFO = INCLUDE_SOURCE;
				MTL_FAST_MATH = YES;
				ONLY_ACTIVE_ARCH = YES;
				SDKROOT = iphoneos;
				SWIFT_ACTIVE_COMPILATION_CONDITIONS = DEBUG;
				SWIFT_OPTIMIZATION_LEVEL = "-Onone";
			};
			name = Debug;
		};
		F74211372BF67166001B3E31 /* Release */ = {
			isa = XCBuildConfiguration;
			buildSettings = {
				ALWAYS_SEARCH_USER_PATHS = NO;
				CLANG_ANALYZER_NONNULL = YES;
				CLANG_ANALYZER_NUMBER_OBJECT_CONVERSION = YES_AGGRESSIVE;
				CLANG_CXX_LANGUAGE_STANDARD = "gnu++17";
				CLANG_ENABLE_MODULES = YES;
				CLANG_ENABLE_OBJC_ARC = YES;
				CLANG_ENABLE_OBJC_WEAK = YES;
				CLANG_WARN_BLOCK_CAPTURE_AUTORELEASING = YES;
				CLANG_WARN_BOOL_CONVERSION = YES;
				CLANG_WARN_COMMA = YES;
				CLANG_WARN_CONSTANT_CONVERSION = YES;
				CLANG_WARN_DEPRECATED_OBJC_IMPLEMENTATIONS = YES;
				CLANG_WARN_DIRECT_OBJC_ISA_USAGE = YES_ERROR;
				CLANG_WARN_DOCUMENTATION_COMMENTS = YES;
				CLANG_WARN_EMPTY_BODY = YES;
				CLANG_WARN_ENUM_CONVERSION = YES;
				CLANG_WARN_INFINITE_RECURSION = YES;
				CLANG_WARN_INT_CONVERSION = YES;
				CLANG_WARN_NON_LITERAL_NULL_CONVERSION = YES;
				CLANG_WARN_OBJC_IMPLICIT_RETAIN_SELF = YES;
				CLANG_WARN_OBJC_LITERAL_CONVERSION = YES;
				CLANG_WARN_OBJC_ROOT_CLASS = YES_ERROR;
				CLANG_WARN_QUOTED_INCLUDE_IN_FRAMEWORK_HEADER = YES;
				CLANG_WARN_RANGE_LOOP_ANALYSIS = YES;
				CLANG_WARN_STRICT_PROTOTYPES = YES;
				CLANG_WARN_SUSPICIOUS_MOVE = YES;
				CLANG_WARN_UNGUARDED_AVAILABILITY = YES_AGGRESSIVE;
				CLANG_WARN_UNREACHABLE_CODE = YES;
				CLANG_WARN__DUPLICATE_METHOD_MATCH = YES;
				COPY_PHASE_STRIP = NO;
				DEBUG_INFORMATION_FORMAT = "dwarf-with-dsym";
				ENABLE_NS_ASSERTIONS = NO;
				ENABLE_STRICT_OBJC_MSGSEND = YES;
				GCC_C_LANGUAGE_STANDARD = gnu11;
				GCC_NO_COMMON_BLOCKS = YES;
				GCC_WARN_64_TO_32_BIT_CONVERSION = YES;
				GCC_WARN_ABOUT_RETURN_TYPE = YES_ERROR;
				GCC_WARN_UNDECLARED_SELECTOR = YES;
				GCC_WARN_UNINITIALIZED_AUTOS = YES_AGGRESSIVE;
				GCC_WARN_UNUSED_FUNCTION = YES;
				GCC_WARN_UNUSED_VARIABLE = YES;
				IPHONEOS_DEPLOYMENT_TARGET = 15.5;
				MTL_ENABLE_DEBUG_INFO = NO;
				MTL_FAST_MATH = YES;
				SDKROOT = iphoneos;
				SWIFT_COMPILATION_MODE = wholemodule;
				SWIFT_OPTIMIZATION_LEVEL = "-O";
				VALIDATE_PRODUCT = YES;
			};
			name = Release;
		};
		F74211392BF67166001B3E31 /* Debug */ = {
			isa = XCBuildConfiguration;
			buildSettings = {
				ASSETCATALOG_COMPILER_APPICON_NAME = AppIcon;
				ASSETCATALOG_COMPILER_GLOBAL_ACCENT_COLOR_NAME = AccentColor;
				CODE_SIGN_STYLE = Automatic;
				CURRENT_PROJECT_VERSION = 1;
				GENERATE_INFOPLIST_FILE = YES;
				INFOPLIST_FILE = ApiCallsUsingCodable_MVVM_ScrollViewDemo/Info.plist;
				INFOPLIST_KEY_UIApplicationSupportsIndirectInputEvents = YES;
				INFOPLIST_KEY_UILaunchStoryboardName = LaunchScreen;
				INFOPLIST_KEY_UIMainStoryboardFile = Main;
				INFOPLIST_KEY_UISupportedInterfaceOrientations_iPad = "UIInterfaceOrientationPortrait UIInterfaceOrientationPortraitUpsideDown UIInterfaceOrientationLandscapeLeft UIInterfaceOrientationLandscapeRight";
				INFOPLIST_KEY_UISupportedInterfaceOrientations_iPhone = "UIInterfaceOrientationPortrait UIInterfaceOrientationLandscapeLeft UIInterfaceOrientationLandscapeRight";
				LD_RUNPATH_SEARCH_PATHS = (
					"$(inherited)",
					"@executable_path/Frameworks",
				);
				MARKETING_VERSION = 1.0;
				PRODUCT_BUNDLE_IDENTIFIER = "com.cevasoftware.ApiCallsUsingCodable-MVVM-ScrollViewDemo";
				PRODUCT_NAME = "$(TARGET_NAME)";
				SWIFT_EMIT_LOC_STRINGS = YES;
				SWIFT_VERSION = 5.0;
				TARGETED_DEVICE_FAMILY = "1,2";
			};
			name = Debug;
		};
		F742113A2BF67166001B3E31 /* Release */ = {
			isa = XCBuildConfiguration;
			buildSettings = {
				ASSETCATALOG_COMPILER_APPICON_NAME = AppIcon;
				ASSETCATALOG_COMPILER_GLOBAL_ACCENT_COLOR_NAME = AccentColor;
				CODE_SIGN_STYLE = Automatic;
				CURRENT_PROJECT_VERSION = 1;
				GENERATE_INFOPLIST_FILE = YES;
				INFOPLIST_FILE = ApiCallsUsingCodable_MVVM_ScrollViewDemo/Info.plist;
				INFOPLIST_KEY_UIApplicationSupportsIndirectInputEvents = YES;
				INFOPLIST_KEY_UILaunchStoryboardName = LaunchScreen;
				INFOPLIST_KEY_UIMainStoryboardFile = Main;
				INFOPLIST_KEY_UISupportedInterfaceOrientations_iPad = "UIInterfaceOrientationPortrait UIInterfaceOrientationPortraitUpsideDown UIInterfaceOrientationLandscapeLeft UIInterfaceOrientationLandscapeRight";
				INFOPLIST_KEY_UISupportedInterfaceOrientations_iPhone = "UIInterfaceOrientationPortrait UIInterfaceOrientationLandscapeLeft UIInterfaceOrientationLandscapeRight";
				LD_RUNPATH_SEARCH_PATHS = (
					"$(inherited)",
					"@executable_path/Frameworks",
				);
				MARKETING_VERSION = 1.0;
				PRODUCT_BUNDLE_IDENTIFIER = "com.cevasoftware.ApiCallsUsingCodable-MVVM-ScrollViewDemo";
				PRODUCT_NAME = "$(TARGET_NAME)";
				SWIFT_EMIT_LOC_STRINGS = YES;
				SWIFT_VERSION = 5.0;
				TARGETED_DEVICE_FAMILY = "1,2";
			};
			name = Release;
		};
		F742113C2BF67166001B3E31 /* Debug */ = {
			isa = XCBuildConfiguration;
			buildSettings = {
				ALWAYS_EMBED_SWIFT_STANDARD_LIBRARIES = YES;
				BUNDLE_LOADER = "$(TEST_HOST)";
				CODE_SIGN_STYLE = Automatic;
				CURRENT_PROJECT_VERSION = 1;
				GENERATE_INFOPLIST_FILE = YES;
				IPHONEOS_DEPLOYMENT_TARGET = 15.5;
				MARKETING_VERSION = 1.0;
				PRODUCT_BUNDLE_IDENTIFIER = "com.cevasoftware.ApiCallsUsingCodable-MVVM-ScrollViewDemoTests";
				PRODUCT_NAME = "$(TARGET_NAME)";
				SWIFT_EMIT_LOC_STRINGS = NO;
				SWIFT_VERSION = 5.0;
				TARGETED_DEVICE_FAMILY = "1,2";
				TEST_HOST = "$(BUILT_PRODUCTS_DIR)/ApiCallsUsingCodable_MVVM_ScrollViewDemo.app/ApiCallsUsingCodable_MVVM_ScrollViewDemo";
			};
			name = Debug;
		};
		F742113D2BF67166001B3E31 /* Release */ = {
			isa = XCBuildConfiguration;
			buildSettings = {
				ALWAYS_EMBED_SWIFT_STANDARD_LIBRARIES = YES;
				BUNDLE_LOADER = "$(TEST_HOST)";
				CODE_SIGN_STYLE = Automatic;
				CURRENT_PROJECT_VERSION = 1;
				GENERATE_INFOPLIST_FILE = YES;
				IPHONEOS_DEPLOYMENT_TARGET = 15.5;
				MARKETING_VERSION = 1.0;
				PRODUCT_BUNDLE_IDENTIFIER = "com.cevasoftware.ApiCallsUsingCodable-MVVM-ScrollViewDemoTests";
				PRODUCT_NAME = "$(TARGET_NAME)";
				SWIFT_EMIT_LOC_STRINGS = NO;
				SWIFT_VERSION = 5.0;
				TARGETED_DEVICE_FAMILY = "1,2";
				TEST_HOST = "$(BUILT_PRODUCTS_DIR)/ApiCallsUsingCodable_MVVM_ScrollViewDemo.app/ApiCallsUsingCodable_MVVM_ScrollViewDemo";
			};
			name = Release;
		};
		F742113F2BF67166001B3E31 /* Debug */ = {
			isa = XCBuildConfiguration;
			buildSettings = {
				ALWAYS_EMBED_SWIFT_STANDARD_LIBRARIES = YES;
				CODE_SIGN_STYLE = Automatic;
				CURRENT_PROJECT_VERSION = 1;
				GENERATE_INFOPLIST_FILE = YES;
				MARKETING_VERSION = 1.0;
				PRODUCT_BUNDLE_IDENTIFIER = "com.cevasoftware.ApiCallsUsingCodable-MVVM-ScrollViewDemoUITests";
				PRODUCT_NAME = "$(TARGET_NAME)";
				SWIFT_EMIT_LOC_STRINGS = NO;
				SWIFT_VERSION = 5.0;
				TARGETED_DEVICE_FAMILY = "1,2";
				TEST_TARGET_NAME = ApiCallsUsingCodable_MVVM_ScrollViewDemo;
			};
			name = Debug;
		};
		F74211402BF67166001B3E31 /* Release */ = {
			isa = XCBuildConfiguration;
			buildSettings = {
				ALWAYS_EMBED_SWIFT_STANDARD_LIBRARIES = YES;
				CODE_SIGN_STYLE = Automatic;
				CURRENT_PROJECT_VERSION = 1;
				GENERATE_INFOPLIST_FILE = YES;
				MARKETING_VERSION = 1.0;
				PRODUCT_BUNDLE_IDENTIFIER = "com.cevasoftware.ApiCallsUsingCodable-MVVM-ScrollViewDemoUITests";
				PRODUCT_NAME = "$(TARGET_NAME)";
				SWIFT_EMIT_LOC_STRINGS = NO;
				SWIFT_VERSION = 5.0;
				TARGETED_DEVICE_FAMILY = "1,2";
				TEST_TARGET_NAME = ApiCallsUsingCodable_MVVM_ScrollViewDemo;
			};
			name = Release;
		};
/* End XCBuildConfiguration section */

/* Begin XCConfigurationList section */
		F74211092BF6715F001B3E31 /* Build configuration list for PBXProject "ApiCallsUsingCodable_MVVM_ScrollViewDemo" */ = {
			isa = XCConfigurationList;
			buildConfigurations = (
				F74211362BF67166001B3E31 /* Debug */,
				F74211372BF67166001B3E31 /* Release */,
			);
			defaultConfigurationIsVisible = 0;
			defaultConfigurationName = Release;
		};
		F74211382BF67166001B3E31 /* Build configuration list for PBXNativeTarget "ApiCallsUsingCodable_MVVM_ScrollViewDemo" */ = {
			isa = XCConfigurationList;
			buildConfigurations = (
				F74211392BF67166001B3E31 /* Debug */,
				F742113A2BF67166001B3E31 /* Release */,
			);
			defaultConfigurationIsVisible = 0;
			defaultConfigurationName = Release;
		};
		F742113B2BF67166001B3E31 /* Build configuration list for PBXNativeTarget "ApiCallsUsingCodable_MVVM_ScrollViewDemoTests" */ = {
			isa = XCConfigurationList;
			buildConfigurations = (
				F742113C2BF67166001B3E31 /* Debug */,
				F742113D2BF67166001B3E31 /* Release */,
			);
			defaultConfigurationIsVisible = 0;
			defaultConfigurationName = Release;
		};
		F742113E2BF67166001B3E31 /* Build configuration list for PBXNativeTarget "ApiCallsUsingCodable_MVVM_ScrollViewDemoUITests" */ = {
			isa = XCConfigurationList;
			buildConfigurations = (
				F742113F2BF67166001B3E31 /* Debug */,
				F74211402BF67166001B3E31 /* Release */,
			);
			defaultConfigurationIsVisible = 0;
			defaultConfigurationName = Release;
		};
/* End XCConfigurationList section */
	};
	rootObject = F74211062BF6715F001B3E31 /* Project object */;
}
